
Microsoft Visual Studio Solution File, Format Version 12.00
# Visual Studio Version 16
VisualStudioVersion = 16.0.31424.327
MinimumVisualStudioVersion = 10.0.40219.1
Project("{FAE04EC0-301F-11D3-BF4B-00C04F79EFBC}") = "FileArchiver", "FileArchiver.csproj", "{06928C0E-0336-4826-8654-521BE6A7E2ED}"
EndProject
Global
	GlobalSection(SolutionConfigurationPlatforms) = preSolution
		Debug|Any CPU = Debug|Any CPU
		Release|Any CPU = Release|Any CPU
	EndGlobalSection
	GlobalSection(ProjectConfigurationPlatforms) = postSolution
		{06928C0E-0336-4826-8654-521BE6A7E2ED}.Debug|Any CPU.ActiveCfg = Debug|Any CPU
		{06928C0E-0336-4826-8654-521BE6A7E2ED}.Debug|Any CPU.Build.0 = Debug|Any CPU
		{06928C0E-0336-4826-8654-521BE6A7E2ED}.Release|Any CPU.ActiveCfg = Release|Any CPU
		{06928C0E-0336-4826-8654-521BE6A7E2ED}.Release|Any CPU.Build.0 = Release|Any CPU
	EndGlobalSection
	GlobalSection(SolutionProperties) = preSolution
		HideSolutionNode = FALSE
	EndGlobalSection
	GlobalSection(ExtensibilityGlobals) = postSolution
		SolutionGuid = {2E02706F-2622-414B-A5CF-A64B28C45626}
	EndGlobalSection
EndGlobal
